
Microsoft Visual Studio Solution File, Format Version 12.00
# Visual Studio Version 17
VisualStudioVersion = 17.11.35327.3
MinimumVisualStudioVersion = 10.0.40219.1
Project("{8BC9CEB8-8B4A-11D0-8D11-00A0C91BC942}") = "Odev", "Odev.vcxproj", "{7333391E-2485-4BF5-9251-95BD2EDF37D6}"
EndProject
Global
	GlobalSection(SolutionConfigurationPlatforms) = preSolution
		Debug|x64 = Debug|x64
		Debug|x86 = Debug|x86
		Release|x64 = Release|x64
		Release|x86 = Release|x86
	EndGlobalSection
	GlobalSection(ProjectConfigurationPlatforms) = postSolution
		{7333391E-2485-4BF5-9251-95BD2EDF37D6}.Debug|x64.ActiveCfg = Debug|x64
		{7333391E-2485-4BF5-9251-95BD2EDF37D6}.Debug|x64.Build.0 = Debug|x64
		{7333391E-2485-4BF5-9251-95BD2EDF37D6}.Debug|x86.ActiveCfg = Debug|Win32
		{7333391E-2485-4BF5-9251-95BD2EDF37D6}.Debug|x86.Build.0 = Debug|Win32
		{7333391E-2485-4BF5-9251-95BD2EDF37D6}.Release|x64.ActiveCfg = Release|x64
		{7333391E-2485-4BF5-9251-95BD2EDF37D6}.Release|x64.Build.0 = Release|x64
		{7333391E-2485-4BF5-9251-95BD2EDF37D6}.Release|x86.ActiveCfg = Release|Win32
		{7333391E-2485-4BF5-9251-95BD2EDF37D6}.Release|x86.Build.0 = Release|Win32
	EndGlobalSection
	GlobalSection(SolutionProperties) = preSolution
		HideSolutionNode = FALSE
	EndGlobalSection
	GlobalSection(ExtensibilityGlobals) = postSolution
		SolutionGuid = {4A140EC9-86B5-4DB6-936D-508A10949702}
	EndGlobalSection
EndGlobal
